
Microsoft Visual Studio Solution File, Format Version 12.00
# Visual Studio Version 17
VisualStudioVersion = 17.4.33205.214
MinimumVisualStudioVersion = 10.0.40219.1
Project("{9A19103F-16F7-4668-BE54-9A1E7A4F7556}") = "Client", "Client\Client.csproj", "{20C737B7-8BE6-4147-8DC7-09B27C56AE4D}"
EndProject
Project("{8BC9CEB8-8B4A-11D0-8D11-00A0C91BC942}") = "ClientCPP", "ClientCPP\ClientCPP.vcxproj", "{1AA6C653-C63F-4E46-877C-003F231A1AF1}"
EndProject
Project("{9A19103F-16F7-4668-BE54-9A1E7A4F7556}") = "Server", "Server\Server.csproj", "{CCCC5FBD-F5DF-4103-8D14-022A902DC249}"
EndProject
Project("{8BC9CEB8-8B4A-11D0-8D11-00A0C91BC942}") = "ServerCPP", "ServerCPP\ServerCPP.vcxproj", "{B7149C78-AD11-4EFA-B88F-6981FACAA349}"
EndProject
Global
	GlobalSection(SolutionConfigurationPlatforms) = preSolution
		Debug|Any CPU = Debug|Any CPU
		Debug|x64 = Debug|x64
		Debug|x86 = Debug|x86
		Release|Any CPU = Release|Any CPU
		Release|x64 = Release|x64
		Release|x86 = Release|x86
	EndGlobalSection
	GlobalSection(ProjectConfigurationPlatforms) = postSolution
		{20C737B7-8BE6-4147-8DC7-09B27C56AE4D}.Debug|Any CPU.ActiveCfg = Debug|Any CPU
		{20C737B7-8BE6-4147-8DC7-09B27C56AE4D}.Debug|Any CPU.Build.0 = Debug|Any CPU
		{20C737B7-8BE6-4147-8DC7-09B27C56AE4D}.Debug|x64.ActiveCfg = Debug|Any CPU
		{20C737B7-8BE6-4147-8DC7-09B27C56AE4D}.Debug|x64.Build.0 = Debug|Any CPU
		{20C737B7-8BE6-4147-8DC7-09B27C56AE4D}.Debug|x86.ActiveCfg = Debug|Any CPU
		{20C737B7-8BE6-4147-8DC7-09B27C56AE4D}.Debug|x86.Build.0 = Debug|Any CPU
		{20C737B7-8BE6-4147-8DC7-09B27C56AE4D}.Release|Any CPU.ActiveCfg = Release|Any CPU
		{20C737B7-8BE6-4147-8DC7-09B27C56AE4D}.Release|Any CPU.Build.0 = Release|Any CPU
		{20C737B7-8BE6-4147-8DC7-09B27C56AE4D}.Release|x64.ActiveCfg = Release|Any CPU
		{20C737B7-8BE6-4147-8DC7-09B27C56AE4D}.Release|x64.Build.0 = Release|Any CPU
		{20C737B7-8BE6-4147-8DC7-09B27C56AE4D}.Release|x86.ActiveCfg = Release|Any CPU
		{20C737B7-8BE6-4147-8DC7-09B27C56AE4D}.Release|x86.Build.0 = Release|Any CPU
		{1AA6C653-C63F-4E46-877C-003F231A1AF1}.Debug|Any CPU.ActiveCfg = Debug|x64
		{1AA6C653-C63F-4E46-877C-003F231A1AF1}.Debug|Any CPU.Build.0 = Debug|x64
		{1AA6C653-C63F-4E46-877C-003F231A1AF1}.Debug|x64.ActiveCfg = Debug|x64
		{1AA6C653-C63F-4E46-877C-003F231A1AF1}.Debug|x64.Build.0 = Debug|x64
		{1AA6C653-C63F-4E46-877C-003F231A1AF1}.Debug|x86.ActiveCfg = Debug|Win32
		{1AA6C653-C63F-4E46-877C-003F231A1AF1}.Debug|x86.Build.0 = Debug|Win32
		{1AA6C653-C63F-4E46-877C-003F231A1AF1}.Release|Any CPU.ActiveCfg = Release|x64
		{1AA6C653-C63F-4E46-877C-003F231A1AF1}.Release|Any CPU.Build.0 = Release|x64
		{1AA6C653-C63F-4E46-877C-003F231A1AF1}.Release|x64.ActiveCfg = Release|x64
		{1AA6C653-C63F-4E46-877C-003F231A1AF1}.Release|x64.Build.0 = Release|x64
		{1AA6C653-C63F-4E46-877C-003F231A1AF1}.Release|x86.ActiveCfg = Release|Win32
		{1AA6C653-C63F-4E46-877C-003F231A1AF1}.Release|x86.Build.0 = Release|Win32
		{CCCC5FBD-F5DF-4103-8D14-022A902DC249}.Debug|Any CPU.ActiveCfg = Debug|Any CPU
		{CCCC5FBD-F5DF-4103-8D14-022A902DC249}.Debug|Any CPU.Build.0 = Debug|Any CPU
		{CCCC5FBD-F5DF-4103-8D14-022A902DC249}.Debug|x64.ActiveCfg = Debug|Any CPU
		{CCCC5FBD-F5DF-4103-8D14-022A902DC249}.Debug|x64.Build.0 = Debug|Any CPU
		{CCCC5FBD-F5DF-4103-8D14-022A902DC249}.Debug|x86.ActiveCfg = Debug|Any CPU
		{CCCC5FBD-F5DF-4103-8D14-022A902DC249}.Debug|x86.Build.0 = Debug|Any CPU
		{CCCC5FBD-F5DF-4103-8D14-022A902DC249}.Release|Any CPU.ActiveCfg = Release|Any CPU
		{CCCC5FBD-F5DF-4103-8D14-022A902DC249}.Release|Any CPU.Build.0 = Release|Any CPU
		{CCCC5FBD-F5DF-4103-8D14-022A902DC249}.Release|x64.ActiveCfg = Release|Any CPU
		{CCCC5FBD-F5DF-4103-8D14-022A902DC249}.Release|x64.Build.0 = Release|Any CPU
		{CCCC5FBD-F5DF-4103-8D14-022A902DC249}.Release|x86.ActiveCfg = Release|Any CPU
		{CCCC5FBD-F5DF-4103-8D14-022A902DC249}.Release|x86.Build.0 = Release|Any CPU
		{B7149C78-AD11-4EFA-B88F-6981FACAA349}.Debug|Any CPU.ActiveCfg = Debug|x64
		{B7149C78-AD11-4EFA-B88F-6981FACAA349}.Debug|Any CPU.Build.0 = Debug|x64
		{B7149C78-AD11-4EFA-B88F-6981FACAA349}.Debug|x64.ActiveCfg = Debug|x64
		{B7149C78-AD11-4EFA-B88F-6981FACAA349}.Debug|x64.Build.0 = Debug|x64
		{B7149C78-AD11-4EFA-B88F-6981FACAA349}.Debug|x86.ActiveCfg = Debug|Win32
		{B7149C78-AD11-4EFA-B88F-6981FACAA349}.Debug|x86.Build.0 = Debug|Win32
		{B7149C78-AD11-4EFA-B88F-6981FACAA349}.Release|Any CPU.ActiveCfg = Release|x64
		{B7149C78-AD11-4EFA-B88F-6981FACAA349}.Release|Any CPU.Build.0 = Release|x64
		{B7149C78-AD11-4EFA-B88F-6981FACAA349}.Release|x64.ActiveCfg = Release|x64
		{B7149C78-AD11-4EFA-B88F-6981FACAA349}.Release|x64.Build.0 = Release|x64
		{B7149C78-AD11-4EFA-B88F-6981FACAA349}.Release|x86.ActiveCfg = Release|Win32
		{B7149C78-AD11-4EFA-B88F-6981FACAA349}.Release|x86.Build.0 = Release|Win32
	EndGlobalSection
	GlobalSection(SolutionProperties) = preSolution
		HideSolutionNode = FALSE
	EndGlobalSection
	GlobalSection(ExtensibilityGlobals) = postSolution
		SolutionGuid = {DA678B1D-DE15-4A6E-B153-A5EF0DB39D7C}
	EndGlobalSection
EndGlobal
